{
  "name": "celcius",
  "version": "1.0.0",
  "lockfileVersion": 3,
  "requires": true,
  "packages": {
    "": {
      "name": "celcius",
      "version": "1.0.0",
      "license": "ISC",
      "dependencies": {
        "celcius-to-fahrenheit": "^1.0.0",
        "celsius-fahrenheit-converter": "^1.0.0"
      }
    },
    "node_modules/celsius-fahrenheit-converter": {
      "version": "1.0.0",
      "resolved": "https://registry.npmjs.org/celsius-fahrenheit-converter/-/celsius-fahrenheit-converter-1.0.0.tgz",
      "integrity": "sha512-KOECxwzkZ2TZdz0ytygcizxxaTdwtkvJV+UcAf80VFTNn7DP9CbV3FbQDwtzGkEVMR0mzKWsAL8LX46Ync6TeA=="
    }
  }
}
